
Microsoft Visual Studio Solution File, Format Version 12.00
# Visual Studio 15
VisualStudioVersion = 15.0.27703.2035
MinimumVisualStudioVersion = 10.0.40219.1
Project("{9A19103F-16F7-4668-BE54-9A1E7A4F7556}") = "Maptz.CliTools.Base", "Maptz.CliTools.Base\Maptz.CliTools.Base.csproj", "{5D2CFB34-6F9B-486B-B564-22CEDE5A324F}"
EndProject
Project("{9A19103F-16F7-4668-BE54-9A1E7A4F7556}") = "Maptz.CliTools.Base.Tests", "Maptz.CliTools.Base.Tests\Maptz.CliTools.Base.Tests.csproj", "{C7FD0455-80DC-413F-B2D3-A2DD443BDEC6}"
EndProject
Global
	GlobalSection(SolutionConfigurationPlatforms) = preSolution
		Debug|Any CPU = Debug|Any CPU
		Release|Any CPU = Release|Any CPU
	EndGlobalSection
	GlobalSection(ProjectConfigurationPlatforms) = postSolution
		{5D2CFB34-6F9B-486B-B564-22CEDE5A324F}.Debug|Any CPU.ActiveCfg = Debug|Any CPU
		{5D2CFB34-6F9B-486B-B564-22CEDE5A324F}.Debug|Any CPU.Build.0 = Debug|Any CPU
		{5D2CFB34-6F9B-486B-B564-22CEDE5A324F}.Release|Any CPU.ActiveCfg = Release|Any CPU
		{5D2CFB34-6F9B-486B-B564-22CEDE5A324F}.Release|Any CPU.Build.0 = Release|Any CPU
		{C7FD0455-80DC-413F-B2D3-A2DD443BDEC6}.Debug|Any CPU.ActiveCfg = Debug|Any CPU
		{C7FD0455-80DC-413F-B2D3-A2DD443BDEC6}.Debug|Any CPU.Build.0 = Debug|Any CPU
		{C7FD0455-80DC-413F-B2D3-A2DD443BDEC6}.Release|Any CPU.ActiveCfg = Release|Any CPU
		{C7FD0455-80DC-413F-B2D3-A2DD443BDEC6}.Release|Any CPU.Build.0 = Release|Any CPU
	EndGlobalSection
	GlobalSection(SolutionProperties) = preSolution
		HideSolutionNode = FALSE
	EndGlobalSection
	GlobalSection(ExtensibilityGlobals) = postSolution
		SolutionGuid = {9707AC97-1CF5-4BD6-A29B-E8549FD8630C}
	EndGlobalSection
EndGlobal
